
Microsoft Visual Studio Solution File, Format Version 12.00
# Visual Studio Version 17
VisualStudioVersion = 17.3.32804.467
MinimumVisualStudioVersion = 10.0.40219.1
Project("{2150E333-8FDC-42A3-9474-1A3956D46DE8}") = "Doc", "Doc", "{4D8AE85A-6DD9-4442-80C1-6BB6AE4CF424}"
EndProject
Project("{2150E333-8FDC-42A3-9474-1A3956D46DE8}") = "Src", "Src", "{63A85D80-D5A6-4135-8183-18EB6FCB0980}"
EndProject
Project("{2150E333-8FDC-42A3-9474-1A3956D46DE8}") = "Test", "Test", "{41C8D26B-F230-4067-AAA9-AE246B61B2F6}"
EndProject
Project("{2150E333-8FDC-42A3-9474-1A3956D46DE8}") = "Core", "Core", "{A16DC497-FEF8-4504-B885-35242C7C478B}"
EndProject
Project("{2150E333-8FDC-42A3-9474-1A3956D46DE8}") = "Common", "Common", "{E1648C15-CDD1-48D5-809C-ECD7A3A4C424}"
EndProject
Project("{2150E333-8FDC-42A3-9474-1A3956D46DE8}") = "Infrastructure", "Infrastructure", "{FB1F9F4E-67C1-41C5-B2F6-90274FF0D55F}"
EndProject
Project("{2150E333-8FDC-42A3-9474-1A3956D46DE8}") = "Presentation", "Presentation", "{9C78BDE5-B94D-493F-9CA2-EE3B19F2506F}"
EndProject
Project("{FAE04EC0-301F-11D3-BF4B-00C04F79EFBC}") = "Store_Domain", "Store_Domain\Store_Domain.csproj", "{7FF873C9-7FED-4DE6-A487-DFC9A02DBF62}"
EndProject
Project("{FAE04EC0-301F-11D3-BF4B-00C04F79EFBC}") = "Store_Application", "Store_Application\Store_Application.csproj", "{1580C12A-092C-4269-9A07-D2D583EE8AD9}"
EndProject
Project("{FAE04EC0-301F-11D3-BF4B-00C04F79EFBC}") = "Store_Infrastructure", "Store_Infrastructure\Store_Infrastructure.csproj", "{2D366F5F-6FC2-4042-9F22-C9F55F2E3AB8}"
EndProject
Project("{FAE04EC0-301F-11D3-BF4B-00C04F79EFBC}") = "Store_Persistence", "Store_Persistence\Store_Persistence.csproj", "{73249DB7-90D1-4850-924B-448AC545F9D0}"
EndProject
Project("{FAE04EC0-301F-11D3-BF4B-00C04F79EFBC}") = "Store_Common", "Store_Common\Store_Common.csproj", "{F4CEB906-BD45-4E3C-81C2-E36726764C4F}"
EndProject
Project("{FAE04EC0-301F-11D3-BF4B-00C04F79EFBC}") = "Endpoint.site", "Endpoint.site\Endpoint.site.csproj", "{24E6F339-6F42-4742-9BD2-66A015A7C470}"
EndProject
Global
	GlobalSection(SolutionConfigurationPlatforms) = preSolution
		Debug|Any CPU = Debug|Any CPU
		Release|Any CPU = Release|Any CPU
	EndGlobalSection
	GlobalSection(ProjectConfigurationPlatforms) = postSolution
		{7FF873C9-7FED-4DE6-A487-DFC9A02DBF62}.Debug|Any CPU.ActiveCfg = Debug|Any CPU
		{7FF873C9-7FED-4DE6-A487-DFC9A02DBF62}.Debug|Any CPU.Build.0 = Debug|Any CPU
		{7FF873C9-7FED-4DE6-A487-DFC9A02DBF62}.Release|Any CPU.ActiveCfg = Release|Any CPU
		{7FF873C9-7FED-4DE6-A487-DFC9A02DBF62}.Release|Any CPU.Build.0 = Release|Any CPU
		{1580C12A-092C-4269-9A07-D2D583EE8AD9}.Debug|Any CPU.ActiveCfg = Debug|Any CPU
		{1580C12A-092C-4269-9A07-D2D583EE8AD9}.Debug|Any CPU.Build.0 = Debug|Any CPU
		{1580C12A-092C-4269-9A07-D2D583EE8AD9}.Release|Any CPU.ActiveCfg = Release|Any CPU
		{1580C12A-092C-4269-9A07-D2D583EE8AD9}.Release|Any CPU.Build.0 = Release|Any CPU
		{2D366F5F-6FC2-4042-9F22-C9F55F2E3AB8}.Debug|Any CPU.ActiveCfg = Debug|Any CPU
		{2D366F5F-6FC2-4042-9F22-C9F55F2E3AB8}.Debug|Any CPU.Build.0 = Debug|Any CPU
		{2D366F5F-6FC2-4042-9F22-C9F55F2E3AB8}.Release|Any CPU.ActiveCfg = Release|Any CPU
		{2D366F5F-6FC2-4042-9F22-C9F55F2E3AB8}.Release|Any CPU.Build.0 = Release|Any CPU
		{73249DB7-90D1-4850-924B-448AC545F9D0}.Debug|Any CPU.ActiveCfg = Debug|Any CPU
		{73249DB7-90D1-4850-924B-448AC545F9D0}.Debug|Any CPU.Build.0 = Debug|Any CPU
		{73249DB7-90D1-4850-924B-448AC545F9D0}.Release|Any CPU.ActiveCfg = Release|Any CPU
		{73249DB7-90D1-4850-924B-448AC545F9D0}.Release|Any CPU.Build.0 = Release|Any CPU
		{F4CEB906-BD45-4E3C-81C2-E36726764C4F}.Debug|Any CPU.ActiveCfg = Debug|Any CPU
		{F4CEB906-BD45-4E3C-81C2-E36726764C4F}.Debug|Any CPU.Build.0 = Debug|Any CPU
		{F4CEB906-BD45-4E3C-81C2-E36726764C4F}.Release|Any CPU.ActiveCfg = Release|Any CPU
		{F4CEB906-BD45-4E3C-81C2-E36726764C4F}.Release|Any CPU.Build.0 = Release|Any CPU
		{24E6F339-6F42-4742-9BD2-66A015A7C470}.Debug|Any CPU.ActiveCfg = Debug|Any CPU
		{24E6F339-6F42-4742-9BD2-66A015A7C470}.Debug|Any CPU.Build.0 = Debug|Any CPU
		{24E6F339-6F42-4742-9BD2-66A015A7C470}.Release|Any CPU.ActiveCfg = Release|Any CPU
		{24E6F339-6F42-4742-9BD2-66A015A7C470}.Release|Any CPU.Build.0 = Release|Any CPU
	EndGlobalSection
	GlobalSection(SolutionProperties) = preSolution
		HideSolutionNode = FALSE
	EndGlobalSection
	GlobalSection(NestedProjects) = preSolution
		{A16DC497-FEF8-4504-B885-35242C7C478B} = {63A85D80-D5A6-4135-8183-18EB6FCB0980}
		{E1648C15-CDD1-48D5-809C-ECD7A3A4C424} = {63A85D80-D5A6-4135-8183-18EB6FCB0980}
		{FB1F9F4E-67C1-41C5-B2F6-90274FF0D55F} = {63A85D80-D5A6-4135-8183-18EB6FCB0980}
		{9C78BDE5-B94D-493F-9CA2-EE3B19F2506F} = {63A85D80-D5A6-4135-8183-18EB6FCB0980}
		{7FF873C9-7FED-4DE6-A487-DFC9A02DBF62} = {A16DC497-FEF8-4504-B885-35242C7C478B}
		{1580C12A-092C-4269-9A07-D2D583EE8AD9} = {A16DC497-FEF8-4504-B885-35242C7C478B}
		{2D366F5F-6FC2-4042-9F22-C9F55F2E3AB8} = {FB1F9F4E-67C1-41C5-B2F6-90274FF0D55F}
		{73249DB7-90D1-4850-924B-448AC545F9D0} = {FB1F9F4E-67C1-41C5-B2F6-90274FF0D55F}
		{F4CEB906-BD45-4E3C-81C2-E36726764C4F} = {E1648C15-CDD1-48D5-809C-ECD7A3A4C424}
		{24E6F339-6F42-4742-9BD2-66A015A7C470} = {9C78BDE5-B94D-493F-9CA2-EE3B19F2506F}
	EndGlobalSection
	GlobalSection(ExtensibilityGlobals) = postSolution
		SolutionGuid = {D902DEC1-41DE-4B37-B606-58738746CB93}
	EndGlobalSection
EndGlobal
